
Microsoft Visual Studio Solution File, Format Version 12.00
# Visual Studio Version 17
VisualStudioVersion = 17.14.36109.1
MinimumVisualStudioVersion = 10.0.40219.1
Project("{FAE04EC0-301F-11D3-BF4B-00C04F79EFBC}") = "Sk_Store", "Sk_Store\Sk_Store.csproj", "{C14D48C2-7481-464B-A0E8-601C54CB400C}"
EndProject
Project("{FAE04EC0-301F-11D3-BF4B-00C04F79EFBC}") = "BusinessObjects", "BusinessObjects\BusinessObjects.csproj", "{0369DDF8-640E-4456-8967-04489FF818AA}"
EndProject
Project("{FAE04EC0-301F-11D3-BF4B-00C04F79EFBC}") = "Repositories", "Repositories\Repositories.csproj", "{24EBDE53-99A8-4ABE-94B9-AB9AA7065BC3}"
EndProject
Project("{FAE04EC0-301F-11D3-BF4B-00C04F79EFBC}") = "Services", "Services\Services.csproj", "{7A1F4FD3-5EA4-44B2-9F00-CCA01C77546C}"
EndProject
Project("{FAE04EC0-301F-11D3-BF4B-00C04F79EFBC}") = "Application", "Application\Application.csproj", "{B9E1EA47-0688-4939-92BD-E8F3C1F3E51F}"
EndProject
Global
	GlobalSection(SolutionConfigurationPlatforms) = preSolution
		Debug|Any CPU = Debug|Any CPU
		Release|Any CPU = Release|Any CPU
	EndGlobalSection
	GlobalSection(ProjectConfigurationPlatforms) = postSolution
		{C14D48C2-7481-464B-A0E8-601C54CB400C}.Debug|Any CPU.ActiveCfg = Debug|Any CPU
		{C14D48C2-7481-464B-A0E8-601C54CB400C}.Debug|Any CPU.Build.0 = Debug|Any CPU
		{C14D48C2-7481-464B-A0E8-601C54CB400C}.Release|Any CPU.ActiveCfg = Release|Any CPU
		{C14D48C2-7481-464B-A0E8-601C54CB400C}.Release|Any CPU.Build.0 = Release|Any CPU
		{0369DDF8-640E-4456-8967-04489FF818AA}.Debug|Any CPU.ActiveCfg = Debug|Any CPU
		{0369DDF8-640E-4456-8967-04489FF818AA}.Debug|Any CPU.Build.0 = Debug|Any CPU
		{0369DDF8-640E-4456-8967-04489FF818AA}.Release|Any CPU.ActiveCfg = Release|Any CPU
		{0369DDF8-640E-4456-8967-04489FF818AA}.Release|Any CPU.Build.0 = Release|Any CPU
		{24EBDE53-99A8-4ABE-94B9-AB9AA7065BC3}.Debug|Any CPU.ActiveCfg = Debug|Any CPU
		{24EBDE53-99A8-4ABE-94B9-AB9AA7065BC3}.Debug|Any CPU.Build.0 = Debug|Any CPU
		{24EBDE53-99A8-4ABE-94B9-AB9AA7065BC3}.Release|Any CPU.ActiveCfg = Release|Any CPU
		{24EBDE53-99A8-4ABE-94B9-AB9AA7065BC3}.Release|Any CPU.Build.0 = Release|Any CPU
		{7A1F4FD3-5EA4-44B2-9F00-CCA01C77546C}.Debug|Any CPU.ActiveCfg = Debug|Any CPU
		{7A1F4FD3-5EA4-44B2-9F00-CCA01C77546C}.Debug|Any CPU.Build.0 = Debug|Any CPU
		{7A1F4FD3-5EA4-44B2-9F00-CCA01C77546C}.Release|Any CPU.ActiveCfg = Release|Any CPU
		{7A1F4FD3-5EA4-44B2-9F00-CCA01C77546C}.Release|Any CPU.Build.0 = Release|Any CPU
		{B9E1EA47-0688-4939-92BD-E8F3C1F3E51F}.Debug|Any CPU.ActiveCfg = Debug|Any CPU
		{B9E1EA47-0688-4939-92BD-E8F3C1F3E51F}.Debug|Any CPU.Build.0 = Debug|Any CPU
		{B9E1EA47-0688-4939-92BD-E8F3C1F3E51F}.Release|Any CPU.ActiveCfg = Release|Any CPU
		{B9E1EA47-0688-4939-92BD-E8F3C1F3E51F}.Release|Any CPU.Build.0 = Release|Any CPU
	EndGlobalSection
	GlobalSection(SolutionProperties) = preSolution
		HideSolutionNode = FALSE
	EndGlobalSection
	GlobalSection(ExtensibilityGlobals) = postSolution
		SolutionGuid = {78327910-FA96-4364-8B4B-213CDC613F38}
	EndGlobalSection
EndGlobal
